// !$*UTF8*$!
{
	archiveVersion = 1;
	classes = {
	};
	objectVersion = 56;
	objects = {

/* Begin PBXBuildFile section */
		FBA06A3F2BAB22EC0001137D /* AppDelegate.swift in Sources */ = {isa = PBXBuildFile; fileRef = FBA06A3E2BAB22EC0001137D /* AppDelegate.swift */; };
		FBA06A412BAB22EC0001137D /* SceneDelegate.swift in Sources */ = {isa = PBXBuildFile; fileRef = FBA06A402BAB22EC0001137D /* SceneDelegate.swift */; };
		FBA06A432BAB22EC0001137D /* ViewController.swift in Sources */ = {isa = PBXBuildFile; fileRef = FBA06A422BAB22EC0001137D /* ViewController.swift */; };
		FBA06A462BAB22EC0001137D /* Base in Resources */ = {isa = PBXBuildFile; fileRef = FBA06A452BAB22EC0001137D /* Base */; };
		FBA06A482BAB22ED0001137D /* Assets.xcassets in Resources */ = {isa = PBXBuildFile; fileRef = FBA06A472BAB22ED0001137D /* Assets.xcassets */; };
		FBA06A4B2BAB22ED0001137D /* Base in Resources */ = {isa = PBXBuildFile; fileRef = FBA06A4A2BAB22ED0001137D /* Base */; };
		FBA06A562BAB22EE0001137D /* TemperatureConverterTests.swift in Sources */ = {isa = PBXBuildFile; fileRef = FBA06A552BAB22EE0001137D /* TemperatureConverterTests.swift */; };
		FBA06A602BAB22EE0001137D /* TemperatureConverterUITests.swift in Sources */ = {isa = PBXBuildFile; fileRef = FBA06A5F2BAB22EE0001137D /* TemperatureConverterUITests.swift */; };
		FBA06A622BAB22EE0001137D /* TemperatureConverterUITestsLaunchTests.swift in Sources */ = {isa = PBXBuildFile; fileRef = FBA06A612BAB22EE0001137D /* TemperatureConverterUITestsLaunchTests.swift */; };
		FBA06A6F2BAB2A160001137D /* CelciusConverter.swift in Sources */ = {isa = PBXBuildFile; fileRef = FBA06A6E2BAB2A160001137D /* CelciusConverter.swift */; };
/* End PBXBuildFile section */

/* Begin PBXContainerItemProxy section */
		FBA06A522BAB22ED0001137D /* PBXContainerItemProxy */ = {
			isa = PBXContainerItemProxy;
			containerPortal = FBA06A332BAB22EC0001137D /* Project object */;
			proxyType = 1;
			remoteGlobalIDString = FBA06A3A2BAB22EC0001137D;
			remoteInfo = TemperatureConverter;
		};
		FBA06A5C2BAB22EE0001137D /* PBXContainerItemProxy */ = {
			isa = PBXContainerItemProxy;
			containerPortal = FBA06A332BAB22EC0001137D /* Project object */;
			proxyType = 1;
			remoteGlobalIDString = FBA06A3A2BAB22EC0001137D;
			remoteInfo = TemperatureConverter;
		};
/* End PBXContainerItemProxy section */

/* Begin PBXFileReference section */
		FBA06A3B2BAB22EC0001137D /* TemperatureConverter.app */ = {isa = PBXFileReference; explicitFileType = wrapper.application; includeInIndex = 0; path = TemperatureConverter.app; sourceTree = BUILT_PRODUCTS_DIR; };
		FBA06A3E2BAB22EC0001137D /* AppDelegate.swift */ = {isa = PBXFileReference; lastKnownFileType = sourcecode.swift; path = AppDelegate.swift; sourceTree = "<group>"; };
		FBA06A402BAB22EC0001137D /* SceneDelegate.swift */ = {isa = PBXFileReference; lastKnownFileType = sourcecode.swift; path = SceneDelegate.swift; sourceTree = "<group>"; };
		FBA06A422BAB22EC0001137D /* ViewController.swift */ = {isa = PBXFileReference; lastKnownFileType = sourcecode.swift; path = ViewController.swift; sourceTree = "<group>"; };
		FBA06A452BAB22EC0001137D /* Base */ = {isa = PBXFileReference; lastKnownFileType = file.storyboard; name = Base; path = Base.lproj/Main.storyboard; sourceTree = "<group>"; };
		FBA06A472BAB22ED0001137D /* Assets.xcassets */ = {isa = PBXFileReference; lastKnownFileType = folder.assetcatalog; path = Assets.xcassets; sourceTree = "<group>"; };
		FBA06A4A2BAB22ED0001137D /* Base */ = {isa = PBXFileReference; lastKnownFileType = file.storyboard; name = Base; path = Base.lproj/LaunchScreen.storyboard; sourceTree = "<group>"; };
		FBA06A4C2BAB22ED0001137D /* Info.plist */ = {isa = PBXFileReference; lastKnownFileType = text.plist.xml; path = Info.plist; sourceTree = "<group>"; };
		FBA06A512BAB22ED0001137D /* TemperatureConverterTests.xctest */ = {isa = PBXFileReference; explicitFileType = wrapper.cfbundle; includeInIndex = 0; path = TemperatureConverterTests.xctest; sourceTree = BUILT_PRODUCTS_DIR; };
		FBA06A552BAB22EE0001137D /* TemperatureConverterTests.swift */ = {isa = PBXFileReference; lastKnownFileType = sourcecode.swift; path = TemperatureConverterTests.swift; sourceTree = "<group>"; };
		FBA06A5B2BAB22EE0001137D /* TemperatureConverterUITests.xctest */ = {isa = PBXFileReference; explicitFileType = wrapper.cfbundle; includeInIndex = 0; path = TemperatureConverterUITests.xctest; sourceTree = BUILT_PRODUCTS_DIR; };
		FBA06A5F2BAB22EE0001137D /* TemperatureConverterUITests.swift */ = {isa = PBXFileReference; lastKnownFileType = sourcecode.swift; path = TemperatureConverterUITests.swift; sourceTree = "<group>"; };
		FBA06A612BAB22EE0001137D /* TemperatureConverterUITestsLaunchTests.swift */ = {isa = PBXFileReference; lastKnownFileType = sourcecode.swift; path = TemperatureConverterUITestsLaunchTests.swift; sourceTree = "<group>"; };
		FBA06A6E2BAB2A160001137D /* CelciusConverter.swift */ = {isa = PBXFileReference; lastKnownFileType = sourcecode.swift; path = CelciusConverter.swift; sourceTree = "<group>"; };
/* End PBXFileReference section */

/* Begin PBXFrameworksBuildPhase section */
		FBA06A382BAB22EC0001137D /* Frameworks */ = {
			isa = PBXFrameworksBuildPhase;
			buildActionMask = 2147483647;
			files = (
			);
			runOnlyForDeploymentPostprocessing = 0;
		};
		FBA06A4E2BAB22ED0001137D /* Frameworks */ = {
			isa = PBXFrameworksBuildPhase;
			buildActionMask = 2147483647;
			files = (
			);
			runOnlyForDeploymentPostprocessing = 0;
		};
		FBA06A582BAB22EE0001137D /* Frameworks */ = {
			isa = PBXFrameworksBuildPhase;
			buildActionMask = 2147483647;
			files = (
			);
			runOnlyForDeploymentPostprocessing = 0;
		};
/* End PBXFrameworksBuildPhase section */

/* Begin PBXGroup section */
		FBA06A322BAB22EC0001137D = {
			isa = PBXGroup;
			children = (
				FBA06A3D2BAB22EC0001137D /* TemperatureConverter */,
				FBA06A542BAB22EE0001137D /* TemperatureConverterTests */,
				FBA06A5E2BAB22EE0001137D /* TemperatureConverterUITests */,
				FBA06A3C2BAB22EC0001137D /* Products */,
			);
			sourceTree = "<group>";
		};
		FBA06A3C2BAB22EC0001137D /* Products */ = {
			isa = PBXGroup;
			children = (
				FBA06A3B2BAB22EC0001137D /* TemperatureConverter.app */,
				FBA06A512BAB22ED0001137D /* TemperatureConverterTests.xctest */,
				FBA06A5B2BAB22EE0001137D /* TemperatureConverterUITests.xctest */,
			);
			name = Products;
			sourceTree = "<group>";
		};
		FBA06A3D2BAB22EC0001137D /* TemperatureConverter */ = {
			isa = PBXGroup;
			children = (
				FBA06A3E2BAB22EC0001137D /* AppDelegate.swift */,
				FBA06A402BAB22EC0001137D /* SceneDelegate.swift */,
				FBA06A422BAB22EC0001137D /* ViewController.swift */,
				FBA06A442BAB22EC0001137D /* Main.storyboard */,
				FBA06A472BAB22ED0001137D /* Assets.xcassets */,
				FBA06A492BAB22ED0001137D /* LaunchScreen.storyboard */,
				FBA06A4C2BAB22ED0001137D /* Info.plist */,
				FBA06A6E2BAB2A160001137D /* CelciusConverter.swift */,
			);
			path = TemperatureConverter;
			sourceTree = "<group>";
		};
		FBA06A542BAB22EE0001137D /* TemperatureConverterTests */ = {
			isa = PBXGroup;
			children = (
				FBA06A552BAB22EE0001137D /* TemperatureConverterTests.swift */,
			);
			path = TemperatureConverterTests;
			sourceTree = "<group>";
		};
		FBA06A5E2BAB22EE0001137D /* TemperatureConverterUITests */ = {
			isa = PBXGroup;
			children = (
				FBA06A5F2BAB22EE0001137D /* TemperatureConverterUITests.swift */,
				FBA06A612BAB22EE0001137D /* TemperatureConverterUITestsLaunchTests.swift */,
			);
			path = TemperatureConverterUITests;
			sourceTree = "<group>";
		};
/* End PBXGroup section */

/* Begin PBXNativeTarget section */
		FBA06A3A2BAB22EC0001137D /* TemperatureConverter */ = {
			isa = PBXNativeTarget;
			buildConfigurationList = FBA06A652BAB22EE0001137D /* Build configuration list for PBXNativeTarget "TemperatureConverter" */;
			buildPhases = (
				FBA06A372BAB22EC0001137D /* Sources */,
				FBA06A382BAB22EC0001137D /* Frameworks */,
				FBA06A392BAB22EC0001137D /* Resources */,
			);
			buildRules = (
			);
			dependencies = (
			);
			name = TemperatureConverter;
			productName = TemperatureConverter;
			productReference = FBA06A3B2BAB22EC0001137D /* TemperatureConverter.app */;
			productType = "com.apple.product-type.application";
		};
		FBA06A502BAB22ED0001137D /* TemperatureConverterTests */ = {
			isa = PBXNativeTarget;
			buildConfigurationList = FBA06A682BAB22EE0001137D /* Build configuration list for PBXNativeTarget "TemperatureConverterTests" */;
			buildPhases = (
				FBA06A4D2BAB22ED0001137D /* Sources */,
				FBA06A4E2BAB22ED0001137D /* Frameworks */,
				FBA06A4F2BAB22ED0001137D /* Resources */,
			);
			buildRules = (
			);
			dependencies = (
				FBA06A532BAB22ED0001137D /* PBXTargetDependency */,
			);
			name = TemperatureConverterTests;
			productName = TemperatureConverterTests;
			productReference = FBA06A512BAB22ED0001137D /* TemperatureConverterTests.xctest */;
			productType = "com.apple.product-type.bundle.unit-test";
		};
		FBA06A5A2BAB22EE0001137D /* TemperatureConverterUITests */ = {
			isa = PBXNativeTarget;
			buildConfigurationList = FBA06A6B2BAB22EE0001137D /* Build configuration list for PBXNativeTarget "TemperatureConverterUITests" */;
			buildPhases = (
				FBA06A572BAB22EE0001137D /* Sources */,
				FBA06A582BAB22EE0001137D /* Frameworks */,
				FBA06A592BAB22EE0001137D /* Resources */,
			);
			buildRules = (
			);
			dependencies = (
				FBA06A5D2BAB22EE0001137D /* PBXTargetDependency */,
			);
			name = TemperatureConverterUITests;
			productName = TemperatureConverterUITests;
			productReference = FBA06A5B2BAB22EE0001137D /* TemperatureConverterUITests.xctest */;
			productType = "com.apple.product-type.bundle.ui-testing";
		};
/* End PBXNativeTarget section */

/* Begin PBXProject section */
		FBA06A332BAB22EC0001137D /* Project object */ = {
			isa = PBXProject;
			attributes = {
				BuildIndependentTargetsInParallel = 1;
				LastSwiftUpdateCheck = 1530;
				LastUpgradeCheck = 1530;
				TargetAttributes = {
					FBA06A3A2BAB22EC0001137D = {
						CreatedOnToolsVersion = 15.3;
					};
					FBA06A502BAB22ED0001137D = {
						CreatedOnToolsVersion = 15.3;
						TestTargetID = FBA06A3A2BAB22EC0001137D;
					};
					FBA06A5A2BAB22EE0001137D = {
						CreatedOnToolsVersion = 15.3;
						TestTargetID = FBA06A3A2BAB22EC0001137D;
					};
				};
			};
			buildConfigurationList = FBA06A362BAB22EC0001137D /* Build configuration list for PBXProject "TemperatureConverter" */;
			compatibilityVersion = "Xcode 14.0";
			developmentRegion = en;
			hasScannedForEncodings = 0;
			knownRegions = (
				en,
				Base,
			);
			mainGroup = FBA06A322BAB22EC0001137D;
			productRefGroup = FBA06A3C2BAB22EC0001137D /* Products */;
			projectDirPath = "";
			projectRoot = "";
			targets = (
				FBA06A3A2BAB22EC0001137D /* TemperatureConverter */,
				FBA06A502BAB22ED0001137D /* TemperatureConverterTests */,
				FBA06A5A2BAB22EE0001137D /* TemperatureConverterUITests */,
			);
		};
/* End PBXProject section */

/* Begin PBXResourcesBuildPhase section */
		FBA06A392BAB22EC0001137D /* Resources */ = {
			isa = PBXResourcesBuildPhase;
			buildActionMask = 2147483647;
			files = (
				FBA06A482BAB22ED0001137D /* Assets.xcassets in Resources */,
				FBA06A4B2BAB22ED0001137D /* Base in Resources */,
				FBA06A462BAB22EC0001137D /* Base in Resources */,
			);
			runOnlyForDeploymentPostprocessing = 0;
		};
		FBA06A4F2BAB22ED0001137D /* Resources */ = {
			isa = PBXResourcesBuildPhase;
			buildActionMask = 2147483647;
			files = (
			);
			runOnlyForDeploymentPostprocessing = 0;
		};
		FBA06A592BAB22EE0001137D /* Resources */ = {
			isa = PBXResourcesBuildPhase;
			buildActionMask = 2147483647;
			files = (
			);
			runOnlyForDeploymentPostprocessing = 0;
		};
/* End PBXResourcesBuildPhase section */

/* Begin PBXSourcesBuildPhase section */
		FBA06A372BAB22EC0001137D /* Sources */ = {
			isa = PBXSourcesBuildPhase;
			buildActionMask = 2147483647;
			files = (
				FBA06A432BAB22EC0001137D /* ViewController.swift in Sources */,
				FBA06A6F2BAB2A160001137D /* CelciusConverter.swift in Sources */,
				FBA06A3F2BAB22EC0001137D /* AppDelegate.swift in Sources */,
				FBA06A412BAB22EC0001137D /* SceneDelegate.swift in Sources */,
			);
			runOnlyForDeploymentPostprocessing = 0;
		};
		FBA06A4D2BAB22ED0001137D /* Sources */ = {
			isa = PBXSourcesBuildPhase;
			buildActionMask = 2147483647;
			files = (
				FBA06A562BAB22EE0001137D /* TemperatureConverterTests.swift in Sources */,
			);
			runOnlyForDeploymentPostprocessing = 0;
		};
		FBA06A572BAB22EE0001137D /* Sources */ = {
			isa = PBXSourcesBuildPhase;
			buildActionMask = 2147483647;
			files = (
				FBA06A622BAB22EE0001137D /* TemperatureConverterUITestsLaunchTests.swift in Sources */,
				FBA06A602BAB22EE0001137D /* TemperatureConverterUITests.swift in Sources */,
			);
			runOnlyForDeploymentPostprocessing = 0;
		};
/* End PBXSourcesBuildPhase section */

/* Begin PBXTargetDependency section */
		FBA06A532BAB22ED0001137D /* PBXTargetDependency */ = {
			isa = PBXTargetDependency;
			target = FBA06A3A2BAB22EC0001137D /* TemperatureConverter */;
			targetProxy = FBA06A522BAB22ED0001137D /* PBXContainerItemProxy */;
		};
		FBA06A5D2BAB22EE0001137D /* PBXTargetDependency */ = {
			isa = PBXTargetDependency;
			target = FBA06A3A2BAB22EC0001137D /* TemperatureConverter */;
			targetProxy = FBA06A5C2BAB22EE0001137D /* PBXContainerItemProxy */;
		};
/* End PBXTargetDependency section */

/* Begin PBXVariantGroup section */
		FBA06A442BAB22EC0001137D /* Main.storyboard */ = {
			isa = PBXVariantGroup;
			children = (
				FBA06A452BAB22EC0001137D /* Base */,
			);
			name = Main.storyboard;
			sourceTree = "<group>";
		};
		FBA06A492BAB22ED0001137D /* LaunchScreen.storyboard */ = {
			isa = PBXVariantGroup;
			children = (
				FBA06A4A2BAB22ED0001137D /* Base */,
			);
			name = LaunchScreen.storyboard;
			sourceTree = "<group>";
		};
/* End PBXVariantGroup section */

/* Begin XCBuildConfiguration section */
		FBA06A632BAB22EE0001137D /* Debug */ = {
			isa = XCBuildConfiguration;
			buildSettings = {
				ALWAYS_SEARCH_USER_PATHS = NO;
				ASSETCATALOG_COMPILER_GENERATE_SWIFT_ASSET_SYMBOL_EXTENSIONS = YES;
				CLANG_ANALYZER_NONNULL = YES;
				CLANG_ANALYZER_NUMBER_OBJECT_CONVERSION = YES_AGGRESSIVE;
				CLANG_CXX_LANGUAGE_STANDARD = "gnu++20";
				CLANG_ENABLE_MODULES = YES;
				CLANG_ENABLE_OBJC_ARC = YES;
				CLANG_ENABLE_OBJC_WEAK = YES;
				CLANG_WARN_BLOCK_CAPTURE_AUTORELEASING = YES;
				CLANG_WARN_BOOL_CONVERSION = YES;
				CLANG_WARN_COMMA = YES;
				CLANG_WARN_CONSTANT_CONVERSION = YES;
				CLANG_WARN_DEPRECATED_OBJC_IMPLEMENTATIONS = YES;
				CLANG_WARN_DIRECT_OBJC_ISA_USAGE = YES_ERROR;
				CLANG_WARN_DOCUMENTATION_COMMENTS = YES;
				CLANG_WARN_EMPTY_BODY = YES;
				CLANG_WARN_ENUM_CONVERSION = YES;
				CLANG_WARN_INFINITE_RECURSION = YES;
				CLANG_WARN_INT_CONVERSION = YES;
				CLANG_WARN_NON_LITERAL_NULL_CONVERSION = YES;
				CLANG_WARN_OBJC_IMPLICIT_RETAIN_SELF = YES;
				CLANG_WARN_OBJC_LITERAL_CONVERSION = YES;
				CLANG_WARN_OBJC_ROOT_CLASS = YES_ERROR;
				CLANG_WARN_QUOTED_INCLUDE_IN_FRAMEWORK_HEADER = YES;
				CLANG_WARN_RANGE_LOOP_ANALYSIS = YES;
				CLANG_WARN_STRICT_PROTOTYPES = YES;
				CLANG_WARN_SUSPICIOUS_MOVE = YES;
				CLANG_WARN_UNGUARDED_AVAILABILITY = YES_AGGRESSIVE;
				CLANG_WARN_UNREACHABLE_CODE = YES;
				CLANG_WARN__DUPLICATE_METHOD_MATCH = YES;
				COPY_PHASE_STRIP = NO;
				DEBUG_INFORMATION_FORMAT = dwarf;
				ENABLE_STRICT_OBJC_MSGSEND = YES;
				ENABLE_TESTABILITY = YES;
				ENABLE_USER_SCRIPT_SANDBOXING = YES;
				GCC_C_LANGUAGE_STANDARD = gnu17;
				GCC_DYNAMIC_NO_PIC = NO;
				GCC_NO_COMMON_BLOCKS = YES;
				GCC_OPTIMIZATION_LEVEL = 0;
				GCC_PREPROCESSOR_DEFINITIONS = (
					"DEBUG=1",
					"$(inherited)",
				);
				GCC_WARN_64_TO_32_BIT_CONVERSION = YES;
				GCC_WARN_ABOUT_RETURN_TYPE = YES_ERROR;
				GCC_WARN_UNDECLARED_SELECTOR = YES;
				GCC_WARN_UNINITIALIZED_AUTOS = YES_AGGRESSIVE;
				GCC_WARN_UNUSED_FUNCTION = YES;
				GCC_WARN_UNUSED_VARIABLE = YES;
				IPHONEOS_DEPLOYMENT_TARGET = 17.4;
				LOCALIZATION_PREFERS_STRING_CATALOGS = YES;
				MTL_ENABLE_DEBUG_INFO = INCLUDE_SOURCE;
				MTL_FAST_MATH = YES;
				ONLY_ACTIVE_ARCH = YES;
				SDKROOT = iphoneos;
				SWIFT_ACTIVE_COMPILATION_CONDITIONS = "DEBUG $(inherited)";
				SWIFT_OPTIMIZATION_LEVEL = "-Onone";
			};
			name = Debug;
		};
		FBA06A642BAB22EE0001137D /* Release */ = {
			isa = XCBuildConfiguration;
			buildSettings = {
				ALWAYS_SEARCH_USER_PATHS = NO;
				ASSETCATALOG_COMPILER_GENERATE_SWIFT_ASSET_SYMBOL_EXTENSIONS = YES;
				CLANG_ANALYZER_NONNULL = YES;
				CLANG_ANALYZER_NUMBER_OBJECT_CONVERSION = YES_AGGRESSIVE;
				CLANG_CXX_LANGUAGE_STANDARD = "gnu++20";
				CLANG_ENABLE_MODULES = YES;
				CLANG_ENABLE_OBJC_ARC = YES;
				CLANG_ENABLE_OBJC_WEAK = YES;
				CLANG_WARN_BLOCK_CAPTURE_AUTORELEASING = YES;
				CLANG_WARN_BOOL_CONVERSION = YES;
				CLANG_WARN_COMMA = YES;
				CLANG_WARN_CONSTANT_CONVERSION = YES;
				CLANG_WARN_DEPRECATED_OBJC_IMPLEMENTATIONS = YES;
				CLANG_WARN_DIRECT_OBJC_ISA_USAGE = YES_ERROR;
				CLANG_WARN_DOCUMENTATION_COMMENTS = YES;
				CLANG_WARN_EMPTY_BODY = YES;
				CLANG_WARN_ENUM_CONVERSION = YES;
				CLANG_WARN_INFINITE_RECURSION = YES;
				CLANG_WARN_INT_CONVERSION = YES;
				CLANG_WARN_NON_LITERAL_NULL_CONVERSION = YES;
				CLANG_WARN_OBJC_IMPLICIT_RETAIN_SELF = YES;
				CLANG_WARN_OBJC_LITERAL_CONVERSION = YES;
				CLANG_WARN_OBJC_ROOT_CLASS = YES_ERROR;
				CLANG_WARN_QUOTED_INCLUDE_IN_FRAMEWORK_HEADER = YES;
				CLANG_WARN_RANGE_LOOP_ANALYSIS = YES;
				CLANG_WARN_STRICT_PROTOTYPES = YES;
				CLANG_WARN_SUSPICIOUS_MOVE = YES;
				CLANG_WARN_UNGUARDED_AVAILABILITY = YES_AGGRESSIVE;
				CLANG_WARN_UNREACHABLE_CODE = YES;
				CLANG_WARN__DUPLICATE_METHOD_MATCH = YES;
				COPY_PHASE_STRIP = NO;
				DEBUG_INFORMATION_FORMAT = "dwarf-with-dsym";
				ENABLE_NS_ASSERTIONS = NO;
				ENABLE_STRICT_OBJC_MSGSEND = YES;
				ENABLE_USER_SCRIPT_SANDBOXING = YES;
				GCC_C_LANGUAGE_STANDARD = gnu17;
				GCC_NO_COMMON_BLOCKS = YES;
				GCC_WARN_64_TO_32_BIT_CONVERSION = YES;
				GCC_WARN_ABOUT_RETURN_TYPE = YES_ERROR;
				GCC_WARN_UNDECLARED_SELECTOR = YES;
				GCC_WARN_UNINITIALIZED_AUTOS = YES_AGGRESSIVE;
				GCC_WARN_UNUSED_FUNCTION = YES;
				GCC_WARN_UNUSED_VARIABLE = YES;
				IPHONEOS_DEPLOYMENT_TARGET = 17.4;
				LOCALIZATION_PREFERS_STRING_CATALOGS = YES;
				MTL_ENABLE_DEBUG_INFO = NO;
				MTL_FAST_MATH = YES;
				SDKROOT = iphoneos;
				SWIFT_COMPILATION_MODE = wholemodule;
				VALIDATE_PRODUCT = YES;
			};
			name = Release;
		};
		FBA06A662BAB22EE0001137D /* Debug */ = {
			isa = XCBuildConfiguration;
			buildSettings = {
				ASSETCATALOG_COMPILER_APPICON_NAME = AppIcon;
				ASSETCATALOG_COMPILER_GLOBAL_ACCENT_COLOR_NAME = AccentColor;
				CODE_SIGN_STYLE = Automatic;
				CURRENT_PROJECT_VERSION = 1;
				DEVELOPMENT_TEAM = 4LBCP6D63N;
				GENERATE_INFOPLIST_FILE = YES;
				INFOPLIST_FILE = TemperatureConverter/Info.plist;
				INFOPLIST_KEY_UIApplicationSupportsIndirectInputEvents = YES;
				INFOPLIST_KEY_UILaunchStoryboardName = LaunchScreen;
				INFOPLIST_KEY_UIMainStoryboardFile = Main;
				INFOPLIST_KEY_UISupportedInterfaceOrientations_iPad = "UIInterfaceOrientationPortrait UIInterfaceOrientationPortraitUpsideDown UIInterfaceOrientationLandscapeLeft UIInterfaceOrientationLandscapeRight";
				INFOPLIST_KEY_UISupportedInterfaceOrientations_iPhone = "UIInterfaceOrientationPortrait UIInterfaceOrientationLandscapeLeft UIInterfaceOrientationLandscapeRight";
				LD_RUNPATH_SEARCH_PATHS = (
					"$(inherited)",
					"@executable_path/Frameworks",
				);
				MARKETING_VERSION = 1.0;
				PRODUCT_BUNDLE_IDENTIFIER = com.example.TemperatureConverter;
				PRODUCT_NAME = "$(TARGET_NAME)";
				SWIFT_EMIT_LOC_STRINGS = YES;
				SWIFT_VERSION = 5.0;
				TARGETED_DEVICE_FAMILY = "1,2";
			};
			name = Debug;
		};
		FBA06A672BAB22EE0001137D /* Release */ = {
			isa = XCBuildConfiguration;
			buildSettings = {
				ASSETCATALOG_COMPILER_APPICON_NAME = AppIcon;
				ASSETCATALOG_COMPILER_GLOBAL_ACCENT_COLOR_NAME = AccentColor;
				CODE_SIGN_STYLE = Automatic;
				CURRENT_PROJECT_VERSION = 1;
				DEVELOPMENT_TEAM = 4LBCP6D63N;
				GENERATE_INFOPLIST_FILE = YES;
				INFOPLIST_FILE = TemperatureConverter/Info.plist;
				INFOPLIST_KEY_UIApplicationSupportsIndirectInputEvents = YES;
				INFOPLIST_KEY_UILaunchStoryboardName = LaunchScreen;
				INFOPLIST_KEY_UIMainStoryboardFile = Main;
				INFOPLIST_KEY_UISupportedInterfaceOrientations_iPad = "UIInterfaceOrientationPortrait UIInterfaceOrientationPortraitUpsideDown UIInterfaceOrientationLandscapeLeft UIInterfaceOrientationLandscapeRight";
				INFOPLIST_KEY_UISupportedInterfaceOrientations_iPhone = "UIInterfaceOrientationPortrait UIInterfaceOrientationLandscapeLeft UIInterfaceOrientationLandscapeRight";
				LD_RUNPATH_SEARCH_PATHS = (
					"$(inherited)",
					"@executable_path/Frameworks",
				);
				MARKETING_VERSION = 1.0;
				PRODUCT_BUNDLE_IDENTIFIER = com.example.TemperatureConverter;
				PRODUCT_NAME = "$(TARGET_NAME)";
				SWIFT_EMIT_LOC_STRINGS = YES;
				SWIFT_VERSION = 5.0;
				TARGETED_DEVICE_FAMILY = "1,2";
			};
			name = Release;
		};
		FBA06A692BAB22EE0001137D /* Debug */ = {
			isa = XCBuildConfiguration;
			buildSettings = {
				ALWAYS_EMBED_SWIFT_STANDARD_LIBRARIES = YES;
				BUNDLE_LOADER = "$(TEST_HOST)";
				CODE_SIGN_STYLE = Automatic;
				CURRENT_PROJECT_VERSION = 1;
				DEVELOPMENT_TEAM = 4LBCP6D63N;
				GENERATE_INFOPLIST_FILE = YES;
				IPHONEOS_DEPLOYMENT_TARGET = 17.4;
				MARKETING_VERSION = 1.0;
				PRODUCT_BUNDLE_IDENTIFIER = com.example.TemperatureConverterTests;
				PRODUCT_NAME = "$(TARGET_NAME)";
				SWIFT_EMIT_LOC_STRINGS = NO;
				SWIFT_VERSION = 5.0;
				TARGETED_DEVICE_FAMILY = "1,2";
				TEST_HOST = "$(BUILT_PRODUCTS_DIR)/TemperatureConverter.app/$(BUNDLE_EXECUTABLE_FOLDER_PATH)/TemperatureConverter";
			};
			name = Debug;
		};
		FBA06A6A2BAB22EE0001137D /* Release */ = {
			isa = XCBuildConfiguration;
			buildSettings = {
				ALWAYS_EMBED_SWIFT_STANDARD_LIBRARIES = YES;
				BUNDLE_LOADER = "$(TEST_HOST)";
				CODE_SIGN_STYLE = Automatic;
				CURRENT_PROJECT_VERSION = 1;
				DEVELOPMENT_TEAM = 4LBCP6D63N;
				GENERATE_INFOPLIST_FILE = YES;
				IPHONEOS_DEPLOYMENT_TARGET = 17.4;
				MARKETING_VERSION = 1.0;
				PRODUCT_BUNDLE_IDENTIFIER = com.example.TemperatureConverterTests;
				PRODUCT_NAME = "$(TARGET_NAME)";
				SWIFT_EMIT_LOC_STRINGS = NO;
				SWIFT_VERSION = 5.0;
				TARGETED_DEVICE_FAMILY = "1,2";
				TEST_HOST = "$(BUILT_PRODUCTS_DIR)/TemperatureConverter.app/$(BUNDLE_EXECUTABLE_FOLDER_PATH)/TemperatureConverter";
			};
			name = Release;
		};
		FBA06A6C2BAB22EE0001137D /* Debug */ = {
			isa = XCBuildConfiguration;
			buildSettings = {
				ALWAYS_EMBED_SWIFT_STANDARD_LIBRARIES = YES;
				CODE_SIGN_STYLE = Automatic;
				CURRENT_PROJECT_VERSION = 1;
				DEVELOPMENT_TEAM = 4LBCP6D63N;
				GENERATE_INFOPLIST_FILE = YES;
				MARKETING_VERSION = 1.0;
				PRODUCT_BUNDLE_IDENTIFIER = com.example.TemperatureConverterUITests;
				PRODUCT_NAME = "$(TARGET_NAME)";
				SWIFT_EMIT_LOC_STRINGS = NO;
				SWIFT_VERSION = 5.0;
				TARGETED_DEVICE_FAMILY = "1,2";
				TEST_TARGET_NAME = TemperatureConverter;
			};
			name = Debug;
		};
		FBA06A6D2BAB22EE0001137D /* Release */ = {
			isa = XCBuildConfiguration;
			buildSettings = {
				ALWAYS_EMBED_SWIFT_STANDARD_LIBRARIES = YES;
				CODE_SIGN_STYLE = Automatic;
				CURRENT_PROJECT_VERSION = 1;
				DEVELOPMENT_TEAM = 4LBCP6D63N;
				GENERATE_INFOPLIST_FILE = YES;
				MARKETING_VERSION = 1.0;
				PRODUCT_BUNDLE_IDENTIFIER = com.example.TemperatureConverterUITests;
				PRODUCT_NAME = "$(TARGET_NAME)";
				SWIFT_EMIT_LOC_STRINGS = NO;
				SWIFT_VERSION = 5.0;
				TARGETED_DEVICE_FAMILY = "1,2";
				TEST_TARGET_NAME = TemperatureConverter;
			};
			name = Release;
		};
/* End XCBuildConfiguration section */

/* Begin XCConfigurationList section */
		FBA06A362BAB22EC0001137D /* Build configuration list for PBXProject "TemperatureConverter" */ = {
			isa = XCConfigurationList;
			buildConfigurations = (
				FBA06A632BAB22EE0001137D /* Debug */,
				FBA06A642BAB22EE0001137D /* Release */,
			);
			defaultConfigurationIsVisible = 0;
			defaultConfigurationName = Release;
		};
		FBA06A652BAB22EE0001137D /* Build configuration list for PBXNativeTarget "TemperatureConverter" */ = {
			isa = XCConfigurationList;
			buildConfigurations = (
				FBA06A662BAB22EE0001137D /* Debug */,
				FBA06A672BAB22EE0001137D /* Release */,
			);
			defaultConfigurationIsVisible = 0;
			defaultConfigurationName = Release;
		};
		FBA06A682BAB22EE0001137D /* Build configuration list for PBXNativeTarget "TemperatureConverterTests" */ = {
			isa = XCConfigurationList;
			buildConfigurations = (
				FBA06A692BAB22EE0001137D /* Debug */,
				FBA06A6A2BAB22EE0001137D /* Release */,
			);
			defaultConfigurationIsVisible = 0;
			defaultConfigurationName = Release;
		};
		FBA06A6B2BAB22EE0001137D /* Build configuration list for PBXNativeTarget "TemperatureConverterUITests" */ = {
			isa = XCConfigurationList;
			buildConfigurations = (
				FBA06A6C2BAB22EE0001137D /* Debug */,
				FBA06A6D2BAB22EE0001137D /* Release */,
			);
			defaultConfigurationIsVisible = 0;
			defaultConfigurationName = Release;
		};
/* End XCConfigurationList section */
	};
	rootObject = FBA06A332BAB22EC0001137D /* Project object */;
}
